
Microsoft Visual Studio Solution File, Format Version 12.00
# Visual Studio Version 17
VisualStudioVersion = 17.14.36518.9 d17.14
MinimumVisualStudioVersion = 10.0.40219.1
Project("{FAE04EC0-301F-11D3-BF4B-00C04F79EFBC}") = "Domain", "Domain\Domain.csproj", "{24B2DD07-173E-4B59-804E-B6546F0138C0}"
EndProject
Project("{FAE04EC0-301F-11D3-BF4B-00C04F79EFBC}") = "DataAccess", "DataAccess\DataAccess.csproj", "{96798944-2A87-4994-8133-67671995490C}"
EndProject
Project("{FAE04EC0-301F-11D3-BF4B-00C04F79EFBC}") = "Presentation", "Presentation\Presentation.csproj", "{F7C64537-C7B3-4070-8D7E-4F67BE53727A}"
EndProject
Global
	GlobalSection(SolutionConfigurationPlatforms) = preSolution
		Debug|Any CPU = Debug|Any CPU
		Release|Any CPU = Release|Any CPU
	EndGlobalSection
	GlobalSection(ProjectConfigurationPlatforms) = postSolution
		{24B2DD07-173E-4B59-804E-B6546F0138C0}.Debug|Any CPU.ActiveCfg = Debug|Any CPU
		{24B2DD07-173E-4B59-804E-B6546F0138C0}.Debug|Any CPU.Build.0 = Debug|Any CPU
		{24B2DD07-173E-4B59-804E-B6546F0138C0}.Release|Any CPU.ActiveCfg = Release|Any CPU
		{24B2DD07-173E-4B59-804E-B6546F0138C0}.Release|Any CPU.Build.0 = Release|Any CPU
		{96798944-2A87-4994-8133-67671995490C}.Debug|Any CPU.ActiveCfg = Debug|Any CPU
		{96798944-2A87-4994-8133-67671995490C}.Debug|Any CPU.Build.0 = Debug|Any CPU
		{96798944-2A87-4994-8133-67671995490C}.Release|Any CPU.ActiveCfg = Release|Any CPU
		{96798944-2A87-4994-8133-67671995490C}.Release|Any CPU.Build.0 = Release|Any CPU
		{F7C64537-C7B3-4070-8D7E-4F67BE53727A}.Debug|Any CPU.ActiveCfg = Debug|Any CPU
		{F7C64537-C7B3-4070-8D7E-4F67BE53727A}.Debug|Any CPU.Build.0 = Debug|Any CPU
		{F7C64537-C7B3-4070-8D7E-4F67BE53727A}.Release|Any CPU.ActiveCfg = Release|Any CPU
		{F7C64537-C7B3-4070-8D7E-4F67BE53727A}.Release|Any CPU.Build.0 = Release|Any CPU
	EndGlobalSection
	GlobalSection(SolutionProperties) = preSolution
		HideSolutionNode = FALSE
	EndGlobalSection
	GlobalSection(ExtensibilityGlobals) = postSolution
		SolutionGuid = {90A7F3B7-50CF-4EE4-897D-5C0CB099123E}
	EndGlobalSection
EndGlobal
